// !$*UTF8*$!
{
	archiveVersion = 1;
	classes = {
	};
	objectVersion = 55;
	objects = {

/* Begin PBXBuildFile section */
		CF0766FB2893851900EE55B1 /* Cafe24Ssurround.ttf in Resources */ = {isa = PBXBuildFile; fileRef = CF0766FA2893851900EE55B1 /* Cafe24Ssurround.ttf */; };
		CF0766FD2893852600EE55B1 /* Mabinogi_Classic_OTF.otf in Resources */ = {isa = PBXBuildFile; fileRef = CF0766FC2893852600EE55B1 /* Mabinogi_Classic_OTF.otf */; };
		CF23520528935D4600C6E6D0 /* LocationViewController.swift in Sources */ = {isa = PBXBuildFile; fileRef = CF23520428935D4600C6E6D0 /* LocationViewController.swift */; };
		CF29FDEF289F819E00CE685F /* LottoAPIManager.swift in Sources */ = {isa = PBXBuildFile; fileRef = CF29FDEE289F819E00CE685F /* LottoAPIManager.swift */; };
		CF29FDF1289F928B00CE685F /* LottoModel.swift in Sources */ = {isa = PBXBuildFile; fileRef = CF29FDF0289F928B00CE685F /* LottoModel.swift */; };
		CF4239EB289B48C40065CD5E /* ImageSearchCollectionViewCell.swift in Sources */ = {isa = PBXBuildFile; fileRef = CF4239EA289B48C40065CD5E /* ImageSearchCollectionViewCell.swift */; };
		CF4239F0289B50850065CD5E /* JGProgressHUD in Frameworks */ = {isa = PBXBuildFile; productRef = CF4239EF289B50850065CD5E /* JGProgressHUD */; };
		CF5AA80B2897527E00AE9008 /* ReusableViewProtocol.swift in Sources */ = {isa = PBXBuildFile; fileRef = CF5AA80A2897527E00AE9008 /* ReusableViewProtocol.swift */; };
		CF5AA80E289757A400AE9008 /* Constant.swift in Sources */ = {isa = PBXBuildFile; fileRef = CF5AA80D289757A400AE9008 /* Constant.swift */; };
		CF5AA81028975FD200AE9008 /* UserDefaultsHelper.swift in Sources */ = {isa = PBXBuildFile; fileRef = CF5AA80F28975FD200AE9008 /* UserDefaultsHelper.swift */; };
		CF5AA81328977CE100AE9008 /* Alamofire in Frameworks */ = {isa = PBXBuildFile; productRef = CF5AA81228977CE100AE9008 /* Alamofire */; };
		CF5AA81628977D0B00AE9008 /* SwiftyJSON in Frameworks */ = {isa = PBXBuildFile; productRef = CF5AA81528977D0B00AE9008 /* SwiftyJSON */; };
		CF5AA8182897D63F00AE9008 /* RandomBeerViewController.swift in Sources */ = {isa = PBXBuildFile; fileRef = CF5AA8172897D63F00AE9008 /* RandomBeerViewController.swift */; };
		CF5AA81B2897DD4200AE9008 /* Kingfisher in Frameworks */ = {isa = PBXBuildFile; productRef = CF5AA81A2897DD4200AE9008 /* Kingfisher */; };
		CF84183F289230B7007A6C7C /* TranslateViewController.swift in Sources */ = {isa = PBXBuildFile; fileRef = CF84183E289230B7007A6C7C /* TranslateViewController.swift */; };
		CF84184128923ACE007A6C7C /* WebViewController.swift in Sources */ = {isa = PBXBuildFile; fileRef = CF84184028923ACE007A6C7C /* WebViewController.swift */; };
		CFBEB93E2898BD200000759A /* BoxOfficeModel.swift in Sources */ = {isa = PBXBuildFile; fileRef = CFBEB93D2898BD200000759A /* BoxOfficeModel.swift */; };
		CFBEB9402898C0550000759A /* AuthKey.swift in Sources */ = {isa = PBXBuildFile; fileRef = CFBEB93F2898C0550000759A /* AuthKey.swift */; };
		CFBEB942289910F30000759A /* BeerCollectionViewController.swift in Sources */ = {isa = PBXBuildFile; fileRef = CFBEB941289910F30000759A /* BeerCollectionViewController.swift */; };
		CFBEB945289912B10000759A /* BeerCollectionViewCell.swift in Sources */ = {isa = PBXBuildFile; fileRef = CFBEB944289912B10000759A /* BeerCollectionViewCell.swift */; };
		CFBEB947289928F90000759A /* BeerDescriptionViewController.swift in Sources */ = {isa = PBXBuildFile; fileRef = CFBEB946289928F90000759A /* BeerDescriptionViewController.swift */; };
		CFC0CA98289CB3FB00365340 /* ImageSearchAPIManager.swift in Sources */ = {isa = PBXBuildFile; fileRef = CFC0CA97289CB3FB00365340 /* ImageSearchAPIManager.swift */; };
		CFD41C512890DD7D00783E7D /* AppDelegate.swift in Sources */ = {isa = PBXBuildFile; fileRef = CFD41C502890DD7D00783E7D /* AppDelegate.swift */; };
		CFD41C532890DD7D00783E7D /* SceneDelegate.swift in Sources */ = {isa = PBXBuildFile; fileRef = CFD41C522890DD7D00783E7D /* SceneDelegate.swift */; };
		CFD41C552890DD7D00783E7D /* ViewController.swift in Sources */ = {isa = PBXBuildFile; fileRef = CFD41C542890DD7D00783E7D /* ViewController.swift */; };
		CFD41C582890DD7D00783E7D /* Main.storyboard in Resources */ = {isa = PBXBuildFile; fileRef = CFD41C562890DD7D00783E7D /* Main.storyboard */; };
		CFD41C5A2890DD7F00783E7D /* Assets.xcassets in Resources */ = {isa = PBXBuildFile; fileRef = CFD41C592890DD7F00783E7D /* Assets.xcassets */; };
		CFD41C5D2890DD7F00783E7D /* LaunchScreen.storyboard in Resources */ = {isa = PBXBuildFile; fileRef = CFD41C5B2890DD7F00783E7D /* LaunchScreen.storyboard */; };
		CFD41C652890E1FC00783E7D /* SearchViewController.swift in Sources */ = {isa = PBXBuildFile; fileRef = CFD41C642890E1FC00783E7D /* SearchViewController.swift */; };
		CFD41C6A2890E4E400783E7D /* ListTableViewCell.swift in Sources */ = {isa = PBXBuildFile; fileRef = CFD41C682890E4E400783E7D /* ListTableViewCell.swift */; };
		CFD41C6B2890E4E400783E7D /* ListTableViewCell.xib in Resources */ = {isa = PBXBuildFile; fileRef = CFD41C692890E4E400783E7D /* ListTableViewCell.xib */; };
		CFD41C7028920CCF00783E7D /* ViewPresentableProtocol.swift in Sources */ = {isa = PBXBuildFile; fileRef = CFD41C6F28920CCF00783E7D /* ViewPresentableProtocol.swift */; };
		CFD41C722892236400783E7D /* LottoViewController.swift in Sources */ = {isa = PBXBuildFile; fileRef = CFD41C712892236400783E7D /* LottoViewController.swift */; };
		CFEF3107289A095A008511B9 /* ImageSearchViewController.swift in Sources */ = {isa = PBXBuildFile; fileRef = CFEF3106289A095A008511B9 /* ImageSearchViewController.swift */; };
/* End PBXBuildFile section */

/* Begin PBXFileReference section */
		CF0766FA2893851900EE55B1 /* Cafe24Ssurround.ttf */ = {isa = PBXFileReference; lastKnownFileType = file; path = Cafe24Ssurround.ttf; sourceTree = "<group>"; };
		CF0766FC2893852600EE55B1 /* Mabinogi_Classic_OTF.otf */ = {isa = PBXFileReference; lastKnownFileType = file; path = Mabinogi_Classic_OTF.otf; sourceTree = "<group>"; };
		CF23520428935D4600C6E6D0 /* LocationViewController.swift */ = {isa = PBXFileReference; lastKnownFileType = sourcecode.swift; path = LocationViewController.swift; sourceTree = "<group>"; };
		CF29FDEE289F819E00CE685F /* LottoAPIManager.swift */ = {isa = PBXFileReference; lastKnownFileType = sourcecode.swift; path = LottoAPIManager.swift; sourceTree = "<group>"; };
		CF29FDF0289F928B00CE685F /* LottoModel.swift */ = {isa = PBXFileReference; lastKnownFileType = sourcecode.swift; path = LottoModel.swift; sourceTree = "<group>"; };
		CF4239EA289B48C40065CD5E /* ImageSearchCollectionViewCell.swift */ = {isa = PBXFileReference; lastKnownFileType = sourcecode.swift; path = ImageSearchCollectionViewCell.swift; sourceTree = "<group>"; };
		CF5AA80A2897527E00AE9008 /* ReusableViewProtocol.swift */ = {isa = PBXFileReference; lastKnownFileType = sourcecode.swift; path = ReusableViewProtocol.swift; sourceTree = "<group>"; };
		CF5AA80D289757A400AE9008 /* Constant.swift */ = {isa = PBXFileReference; lastKnownFileType = sourcecode.swift; path = Constant.swift; sourceTree = "<group>"; };
		CF5AA80F28975FD200AE9008 /* UserDefaultsHelper.swift */ = {isa = PBXFileReference; lastKnownFileType = sourcecode.swift; path = UserDefaultsHelper.swift; sourceTree = "<group>"; };
		CF5AA8172897D63F00AE9008 /* RandomBeerViewController.swift */ = {isa = PBXFileReference; lastKnownFileType = sourcecode.swift; path = RandomBeerViewController.swift; sourceTree = "<group>"; };
		CF84183E289230B7007A6C7C /* TranslateViewController.swift */ = {isa = PBXFileReference; lastKnownFileType = sourcecode.swift; path = TranslateViewController.swift; sourceTree = SOURCE_ROOT; };
		CF84184028923ACE007A6C7C /* WebViewController.swift */ = {isa = PBXFileReference; lastKnownFileType = sourcecode.swift; path = WebViewController.swift; sourceTree = "<group>"; };
		CFBEB93D2898BD200000759A /* BoxOfficeModel.swift */ = {isa = PBXFileReference; lastKnownFileType = sourcecode.swift; path = BoxOfficeModel.swift; sourceTree = "<group>"; };
		CFBEB93F2898C0550000759A /* AuthKey.swift */ = {isa = PBXFileReference; lastKnownFileType = sourcecode.swift; path = AuthKey.swift; sourceTree = "<group>"; };
		CFBEB941289910F30000759A /* BeerCollectionViewController.swift */ = {isa = PBXFileReference; lastKnownFileType = sourcecode.swift; path = BeerCollectionViewController.swift; sourceTree = "<group>"; };
		CFBEB944289912B10000759A /* BeerCollectionViewCell.swift */ = {isa = PBXFileReference; lastKnownFileType = sourcecode.swift; path = BeerCollectionViewCell.swift; sourceTree = "<group>"; };
		CFBEB946289928F90000759A /* BeerDescriptionViewController.swift */ = {isa = PBXFileReference; lastKnownFileType = sourcecode.swift; name = BeerDescriptionViewController.swift; path = NetWorkBasicLec/BeerDescriptionViewController.swift; sourceTree = SOURCE_ROOT; };
		CFC0CA97289CB3FB00365340 /* ImageSearchAPIManager.swift */ = {isa = PBXFileReference; lastKnownFileType = sourcecode.swift; path = ImageSearchAPIManager.swift; sourceTree = "<group>"; };
		CFD41C4D2890DD7D00783E7D /* NetWorkBasicLec.app */ = {isa = PBXFileReference; explicitFileType = wrapper.application; includeInIndex = 0; path = NetWorkBasicLec.app; sourceTree = BUILT_PRODUCTS_DIR; };
		CFD41C502890DD7D00783E7D /* AppDelegate.swift */ = {isa = PBXFileReference; lastKnownFileType = sourcecode.swift; path = AppDelegate.swift; sourceTree = "<group>"; };
		CFD41C522890DD7D00783E7D /* SceneDelegate.swift */ = {isa = PBXFileReference; lastKnownFileType = sourcecode.swift; path = SceneDelegate.swift; sourceTree = "<group>"; };
		CFD41C542890DD7D00783E7D /* ViewController.swift */ = {isa = PBXFileReference; lastKnownFileType = sourcecode.swift; path = ViewController.swift; sourceTree = "<group>"; };
		CFD41C572890DD7D00783E7D /* Base */ = {isa = PBXFileReference; lastKnownFileType = file.storyboard; name = Base; path = Base.lproj/Main.storyboard; sourceTree = "<group>"; };
		CFD41C592890DD7F00783E7D /* Assets.xcassets */ = {isa = PBXFileReference; lastKnownFileType = folder.assetcatalog; path = Assets.xcassets; sourceTree = "<group>"; };
		CFD41C5C2890DD7F00783E7D /* Base */ = {isa = PBXFileReference; lastKnownFileType = file.storyboard; name = Base; path = Base.lproj/LaunchScreen.storyboard; sourceTree = "<group>"; };
		CFD41C5E2890DD7F00783E7D /* Info.plist */ = {isa = PBXFileReference; lastKnownFileType = text.plist.xml; path = Info.plist; sourceTree = "<group>"; };
		CFD41C642890E1FC00783E7D /* SearchViewController.swift */ = {isa = PBXFileReference; lastKnownFileType = sourcecode.swift; path = SearchViewController.swift; sourceTree = "<group>"; };
		CFD41C682890E4E400783E7D /* ListTableViewCell.swift */ = {isa = PBXFileReference; lastKnownFileType = sourcecode.swift; path = ListTableViewCell.swift; sourceTree = "<group>"; };
		CFD41C692890E4E400783E7D /* ListTableViewCell.xib */ = {isa = PBXFileReference; lastKnownFileType = file.xib; path = ListTableViewCell.xib; sourceTree = "<group>"; };
		CFD41C6F28920CCF00783E7D /* ViewPresentableProtocol.swift */ = {isa = PBXFileReference; lastKnownFileType = sourcecode.swift; path = ViewPresentableProtocol.swift; sourceTree = "<group>"; };
		CFD41C712892236400783E7D /* LottoViewController.swift */ = {isa = PBXFileReference; lastKnownFileType = sourcecode.swift; path = LottoViewController.swift; sourceTree = "<group>"; };
		CFEF3106289A095A008511B9 /* ImageSearchViewController.swift */ = {isa = PBXFileReference; lastKnownFileType = sourcecode.swift; path = ImageSearchViewController.swift; sourceTree = "<group>"; };
/* End PBXFileReference section */

/* Begin PBXFrameworksBuildPhase section */
		CFD41C4A2890DD7D00783E7D /* Frameworks */ = {
			isa = PBXFrameworksBuildPhase;
			buildActionMask = 2147483647;
			files = (
				CF4239F0289B50850065CD5E /* JGProgressHUD in Frameworks */,
				CF5AA81B2897DD4200AE9008 /* Kingfisher in Frameworks */,
				CF5AA81628977D0B00AE9008 /* SwiftyJSON in Frameworks */,
				CF5AA81328977CE100AE9008 /* Alamofire in Frameworks */,
			);
			runOnlyForDeploymentPostprocessing = 0;
		};
/* End PBXFrameworksBuildPhase section */

/* Begin PBXGroup section */
		CF0766F9289384F400EE55B1 /* Resource */ = {
			isa = PBXGroup;
			children = (
				CF0766FA2893851900EE55B1 /* Cafe24Ssurround.ttf */,
				CF0766FC2893852600EE55B1 /* Mabinogi_Classic_OTF.otf */,
				CFBEB93F2898C0550000759A /* AuthKey.swift */,
			);
			path = Resource;
			sourceTree = "<group>";
		};
		CF29FDF2289F929200CE685F /* Lotto */ = {
			isa = PBXGroup;
			children = (
				CFD41C712892236400783E7D /* LottoViewController.swift */,
				CF29FDF0289F928B00CE685F /* LottoModel.swift */,
			);
			path = Lotto;
			sourceTree = "<group>";
		};
		CF4239EC289B4EDA0065CD5E /* ImageSearch */ = {
			isa = PBXGroup;
			children = (
				CFEF3106289A095A008511B9 /* ImageSearchViewController.swift */,
				CF4239EA289B48C40065CD5E /* ImageSearchCollectionViewCell.swift */,
			);
			name = ImageSearch;
			sourceTree = "<group>";
		};
		CF4239ED289B4F080065CD5E /* SearchListTable */ = {
			isa = PBXGroup;
			children = (
				CFD41C642890E1FC00783E7D /* SearchViewController.swift */,
				CFD41C682890E4E400783E7D /* ListTableViewCell.swift */,
				CFD41C692890E4E400783E7D /* ListTableViewCell.xib */,
			);
			path = SearchListTable;
			sourceTree = "<group>";
		};
		CF5AA80C2897578300AE9008 /* Constant */ = {
			isa = PBXGroup;
			children = (
				CF5AA80D289757A400AE9008 /* Constant.swift */,
				CF5AA80F28975FD200AE9008 /* UserDefaultsHelper.swift */,
			);
			path = Constant;
			sourceTree = "<group>";
		};
		CFBEB9432899110B0000759A /* Beer */ = {
			isa = PBXGroup;
			children = (
				CFBEB946289928F90000759A /* BeerDescriptionViewController.swift */,
				CFBEB941289910F30000759A /* BeerCollectionViewController.swift */,
				CFBEB944289912B10000759A /* BeerCollectionViewCell.swift */,
				CF5AA8172897D63F00AE9008 /* RandomBeerViewController.swift */,
			);
			path = Beer;
			sourceTree = "<group>";
		};
		CFC0CA96289CB3DA00365340 /* APIManager */ = {
			isa = PBXGroup;
			children = (
				CFC0CA97289CB3FB00365340 /* ImageSearchAPIManager.swift */,
				CF29FDEE289F819E00CE685F /* LottoAPIManager.swift */,
			);
			path = APIManager;
			sourceTree = "<group>";
		};
		CFD41C442890DD7D00783E7D = {
			isa = PBXGroup;
			children = (
				CFD41C4F2890DD7D00783E7D /* NetWorkBasicLec */,
				CFD41C4E2890DD7D00783E7D /* Products */,
			);
			sourceTree = "<group>";
		};
		CFD41C4E2890DD7D00783E7D /* Products */ = {
			isa = PBXGroup;
			children = (
				CFD41C4D2890DD7D00783E7D /* NetWorkBasicLec.app */,
			);
			name = Products;
			sourceTree = "<group>";
		};
		CFD41C4F2890DD7D00783E7D /* NetWorkBasicLec */ = {
			isa = PBXGroup;
			children = (
				CFC0CA96289CB3DA00365340 /* APIManager */,
				CF5AA80C2897578300AE9008 /* Constant */,
				CF0766F9289384F400EE55B1 /* Resource */,
				CFD41C6E28920CB400783E7D /* Protocol */,
				CFBEB9432899110B0000759A /* Beer */,
				CF4239EC289B4EDA0065CD5E /* ImageSearch */,
				CF4239ED289B4F080065CD5E /* SearchListTable */,
				CF84184028923ACE007A6C7C /* WebViewController.swift */,
				CF84183E289230B7007A6C7C /* TranslateViewController.swift */,
				CFD41C502890DD7D00783E7D /* AppDelegate.swift */,
				CFD41C522890DD7D00783E7D /* SceneDelegate.swift */,
				CFD41C542890DD7D00783E7D /* ViewController.swift */,
				CFD41C562890DD7D00783E7D /* Main.storyboard */,
				CF23520428935D4600C6E6D0 /* LocationViewController.swift */,
				CF29FDF2289F929200CE685F /* Lotto */,
				CFBEB93D2898BD200000759A /* BoxOfficeModel.swift */,
				CFD41C592890DD7F00783E7D /* Assets.xcassets */,
				CFD41C5B2890DD7F00783E7D /* LaunchScreen.storyboard */,
				CFD41C5E2890DD7F00783E7D /* Info.plist */,
			);
			path = NetWorkBasicLec;
			sourceTree = "<group>";
		};
		CFD41C6E28920CB400783E7D /* Protocol */ = {
			isa = PBXGroup;
			children = (
				CFD41C6F28920CCF00783E7D /* ViewPresentableProtocol.swift */,
				CF5AA80A2897527E00AE9008 /* ReusableViewProtocol.swift */,
			);
			path = Protocol;
			sourceTree = "<group>";
		};
/* End PBXGroup section */

/* Begin PBXNativeTarget section */
		CFD41C4C2890DD7D00783E7D /* NetWorkBasicLec */ = {
			isa = PBXNativeTarget;
			buildConfigurationList = CFD41C612890DD7F00783E7D /* Build configuration list for PBXNativeTarget "NetWorkBasicLec" */;
			buildPhases = (
				CFD41C492890DD7D00783E7D /* Sources */,
				CFD41C4A2890DD7D00783E7D /* Frameworks */,
				CFD41C4B2890DD7D00783E7D /* Resources */,
			);
			buildRules = (
			);
			dependencies = (
			);
			name = NetWorkBasicLec;
			packageProductDependencies = (
				CF5AA81228977CE100AE9008 /* Alamofire */,
				CF5AA81528977D0B00AE9008 /* SwiftyJSON */,
				CF5AA81A2897DD4200AE9008 /* Kingfisher */,
				CF4239EF289B50850065CD5E /* JGProgressHUD */,
			);
			productName = NetWorkBasicLec;
			productReference = CFD41C4D2890DD7D00783E7D /* NetWorkBasicLec.app */;
			productType = "com.apple.product-type.application";
		};
/* End PBXNativeTarget section */

/* Begin PBXProject section */
		CFD41C452890DD7D00783E7D /* Project object */ = {
			isa = PBXProject;
			attributes = {
				BuildIndependentTargetsInParallel = 1;
				LastSwiftUpdateCheck = 1340;
				LastUpgradeCheck = 1340;
				TargetAttributes = {
					CFD41C4C2890DD7D00783E7D = {
						CreatedOnToolsVersion = 13.4.1;
					};
				};
			};
			buildConfigurationList = CFD41C482890DD7D00783E7D /* Build configuration list for PBXProject "NetWorkBasicLec" */;
			compatibilityVersion = "Xcode 13.0";
			developmentRegion = en;
			hasScannedForEncodings = 0;
			knownRegions = (
				en,
				Base,
			);
			mainGroup = CFD41C442890DD7D00783E7D;
			packageReferences = (
				CF5AA81128977CE100AE9008 /* XCRemoteSwiftPackageReference "Alamofire" */,
				CF5AA81428977D0B00AE9008 /* XCRemoteSwiftPackageReference "SwiftyJSON" */,
				CF5AA8192897DD4200AE9008 /* XCRemoteSwiftPackageReference "Kingfisher" */,
				CF4239EE289B50850065CD5E /* XCRemoteSwiftPackageReference "JGProgressHUD" */,
			);
			productRefGroup = CFD41C4E2890DD7D00783E7D /* Products */;
			projectDirPath = "";
			projectRoot = "";
			targets = (
				CFD41C4C2890DD7D00783E7D /* NetWorkBasicLec */,
			);
		};
/* End PBXProject section */

/* Begin PBXResourcesBuildPhase section */
		CFD41C4B2890DD7D00783E7D /* Resources */ = {
			isa = PBXResourcesBuildPhase;
			buildActionMask = 2147483647;
			files = (
				CFD41C5D2890DD7F00783E7D /* LaunchScreen.storyboard in Resources */,
				CFD41C6B2890E4E400783E7D /* ListTableViewCell.xib in Resources */,
				CFD41C5A2890DD7F00783E7D /* Assets.xcassets in Resources */,
				CF0766FB2893851900EE55B1 /* Cafe24Ssurround.ttf in Resources */,
				CF0766FD2893852600EE55B1 /* Mabinogi_Classic_OTF.otf in Resources */,
				CFD41C582890DD7D00783E7D /* Main.storyboard in Resources */,
			);
			runOnlyForDeploymentPostprocessing = 0;
		};
/* End PBXResourcesBuildPhase section */

/* Begin PBXSourcesBuildPhase section */
		CFD41C492890DD7D00783E7D /* Sources */ = {
			isa = PBXSourcesBuildPhase;
			buildActionMask = 2147483647;
			files = (
				CFBEB942289910F30000759A /* BeerCollectionViewController.swift in Sources */,
				CFD41C552890DD7D00783E7D /* ViewController.swift in Sources */,
				CFBEB945289912B10000759A /* BeerCollectionViewCell.swift in Sources */,
				CF5AA8182897D63F00AE9008 /* RandomBeerViewController.swift in Sources */,
				CFBEB947289928F90000759A /* BeerDescriptionViewController.swift in Sources */,
				CF5AA81028975FD200AE9008 /* UserDefaultsHelper.swift in Sources */,
				CF29FDF1289F928B00CE685F /* LottoModel.swift in Sources */,
				CFEF3107289A095A008511B9 /* ImageSearchViewController.swift in Sources */,
				CFBEB9402898C0550000759A /* AuthKey.swift in Sources */,
				CFBEB93E2898BD200000759A /* BoxOfficeModel.swift in Sources */,
				CF84184128923ACE007A6C7C /* WebViewController.swift in Sources */,
				CFD41C512890DD7D00783E7D /* AppDelegate.swift in Sources */,
				CFD41C652890E1FC00783E7D /* SearchViewController.swift in Sources */,
				CF29FDEF289F819E00CE685F /* LottoAPIManager.swift in Sources */,
				CFD41C722892236400783E7D /* LottoViewController.swift in Sources */,
				CF23520528935D4600C6E6D0 /* LocationViewController.swift in Sources */,
				CFD41C532890DD7D00783E7D /* SceneDelegate.swift in Sources */,
				CF84183F289230B7007A6C7C /* TranslateViewController.swift in Sources */,
				CFD41C7028920CCF00783E7D /* ViewPresentableProtocol.swift in Sources */,
				CF5AA80B2897527E00AE9008 /* ReusableViewProtocol.swift in Sources */,
				CFD41C6A2890E4E400783E7D /* ListTableViewCell.swift in Sources */,
				CF4239EB289B48C40065CD5E /* ImageSearchCollectionViewCell.swift in Sources */,
				CFC0CA98289CB3FB00365340 /* ImageSearchAPIManager.swift in Sources */,
				CF5AA80E289757A400AE9008 /* Constant.swift in Sources */,
			);
			runOnlyForDeploymentPostprocessing = 0;
		};
/* End PBXSourcesBuildPhase section */

/* Begin PBXVariantGroup section */
		CFD41C562890DD7D00783E7D /* Main.storyboard */ = {
			isa = PBXVariantGroup;
			children = (
				CFD41C572890DD7D00783E7D /* Base */,
			);
			name = Main.storyboard;
			sourceTree = "<group>";
		};
		CFD41C5B2890DD7F00783E7D /* LaunchScreen.storyboard */ = {
			isa = PBXVariantGroup;
			children = (
				CFD41C5C2890DD7F00783E7D /* Base */,
			);
			name = LaunchScreen.storyboard;
			sourceTree = "<group>";
		};
/* End PBXVariantGroup section */

/* Begin XCBuildConfiguration section */
		CFD41C5F2890DD7F00783E7D /* Debug */ = {
			isa = XCBuildConfiguration;
			buildSettings = {
				ALWAYS_SEARCH_USER_PATHS = NO;
				CLANG_ANALYZER_NONNULL = YES;
				CLANG_ANALYZER_NUMBER_OBJECT_CONVERSION = YES_AGGRESSIVE;
				CLANG_CXX_LANGUAGE_STANDARD = "gnu++17";
				CLANG_ENABLE_MODULES = YES;
				CLANG_ENABLE_OBJC_ARC = YES;
				CLANG_ENABLE_OBJC_WEAK = YES;
				CLANG_WARN_BLOCK_CAPTURE_AUTORELEASING = YES;
				CLANG_WARN_BOOL_CONVERSION = YES;
				CLANG_WARN_COMMA = YES;
				CLANG_WARN_CONSTANT_CONVERSION = YES;
				CLANG_WARN_DEPRECATED_OBJC_IMPLEMENTATIONS = YES;
				CLANG_WARN_DIRECT_OBJC_ISA_USAGE = YES_ERROR;
				CLANG_WARN_DOCUMENTATION_COMMENTS = YES;
				CLANG_WARN_EMPTY_BODY = YES;
				CLANG_WARN_ENUM_CONVERSION = YES;
				CLANG_WARN_INFINITE_RECURSION = YES;
				CLANG_WARN_INT_CONVERSION = YES;
				CLANG_WARN_NON_LITERAL_NULL_CONVERSION = YES;
				CLANG_WARN_OBJC_IMPLICIT_RETAIN_SELF = YES;
				CLANG_WARN_OBJC_LITERAL_CONVERSION = YES;
				CLANG_WARN_OBJC_ROOT_CLASS = YES_ERROR;
				CLANG_WARN_QUOTED_INCLUDE_IN_FRAMEWORK_HEADER = YES;
				CLANG_WARN_RANGE_LOOP_ANALYSIS = YES;
				CLANG_WARN_STRICT_PROTOTYPES = YES;
				CLANG_WARN_SUSPICIOUS_MOVE = YES;
				CLANG_WARN_UNGUARDED_AVAILABILITY = YES_AGGRESSIVE;
				CLANG_WARN_UNREACHABLE_CODE = YES;
				CLANG_WARN__DUPLICATE_METHOD_MATCH = YES;
				COPY_PHASE_STRIP = NO;
				DEBUG_INFORMATION_FORMAT = dwarf;
				ENABLE_STRICT_OBJC_MSGSEND = YES;
				ENABLE_TESTABILITY = YES;
				GCC_C_LANGUAGE_STANDARD = gnu11;
				GCC_DYNAMIC_NO_PIC = NO;
				GCC_NO_COMMON_BLOCKS = YES;
				GCC_OPTIMIZATION_LEVEL = 0;
				GCC_PREPROCESSOR_DEFINITIONS = (
					"DEBUG=1",
					"$(inherited)",
				);
				GCC_WARN_64_TO_32_BIT_CONVERSION = YES;
				GCC_WARN_ABOUT_RETURN_TYPE = YES_ERROR;
				GCC_WARN_UNDECLARED_SELECTOR = YES;
				GCC_WARN_UNINITIALIZED_AUTOS = YES_AGGRESSIVE;
				GCC_WARN_UNUSED_FUNCTION = YES;
				GCC_WARN_UNUSED_VARIABLE = YES;
				IPHONEOS_DEPLOYMENT_TARGET = 15.5;
				MTL_ENABLE_DEBUG_INFO = INCLUDE_SOURCE;
				MTL_FAST_MATH = YES;
				ONLY_ACTIVE_ARCH = YES;
				SDKROOT = iphoneos;
				SWIFT_ACTIVE_COMPILATION_CONDITIONS = DEBUG;
				SWIFT_OPTIMIZATION_LEVEL = "-Onone";
			};
			name = Debug;
		};
		CFD41C602890DD7F00783E7D /* Release */ = {
			isa = XCBuildConfiguration;
			buildSettings = {
				ALWAYS_SEARCH_USER_PATHS = NO;
				CLANG_ANALYZER_NONNULL = YES;
				CLANG_ANALYZER_NUMBER_OBJECT_CONVERSION = YES_AGGRESSIVE;
				CLANG_CXX_LANGUAGE_STANDARD = "gnu++17";
				CLANG_ENABLE_MODULES = YES;
				CLANG_ENABLE_OBJC_ARC = YES;
				CLANG_ENABLE_OBJC_WEAK = YES;
				CLANG_WARN_BLOCK_CAPTURE_AUTORELEASING = YES;
				CLANG_WARN_BOOL_CONVERSION = YES;
				CLANG_WARN_COMMA = YES;
				CLANG_WARN_CONSTANT_CONVERSION = YES;
				CLANG_WARN_DEPRECATED_OBJC_IMPLEMENTATIONS = YES;
				CLANG_WARN_DIRECT_OBJC_ISA_USAGE = YES_ERROR;
				CLANG_WARN_DOCUMENTATION_COMMENTS = YES;
				CLANG_WARN_EMPTY_BODY = YES;
				CLANG_WARN_ENUM_CONVERSION = YES;
				CLANG_WARN_INFINITE_RECURSION = YES;
				CLANG_WARN_INT_CONVERSION = YES;
				CLANG_WARN_NON_LITERAL_NULL_CONVERSION = YES;
				CLANG_WARN_OBJC_IMPLICIT_RETAIN_SELF = YES;
				CLANG_WARN_OBJC_LITERAL_CONVERSION = YES;
				CLANG_WARN_OBJC_ROOT_CLASS = YES_ERROR;
				CLANG_WARN_QUOTED_INCLUDE_IN_FRAMEWORK_HEADER = YES;
				CLANG_WARN_RANGE_LOOP_ANALYSIS = YES;
				CLANG_WARN_STRICT_PROTOTYPES = YES;
				CLANG_WARN_SUSPICIOUS_MOVE = YES;
				CLANG_WARN_UNGUARDED_AVAILABILITY = YES_AGGRESSIVE;
				CLANG_WARN_UNREACHABLE_CODE = YES;
				CLANG_WARN__DUPLICATE_METHOD_MATCH = YES;
				COPY_PHASE_STRIP = NO;
				DEBUG_INFORMATION_FORMAT = "dwarf-with-dsym";
				ENABLE_NS_ASSERTIONS = NO;
				ENABLE_STRICT_OBJC_MSGSEND = YES;
				GCC_C_LANGUAGE_STANDARD = gnu11;
				GCC_NO_COMMON_BLOCKS = YES;
				GCC_WARN_64_TO_32_BIT_CONVERSION = YES;
				GCC_WARN_ABOUT_RETURN_TYPE = YES_ERROR;
				GCC_WARN_UNDECLARED_SELECTOR = YES;
				GCC_WARN_UNINITIALIZED_AUTOS = YES_AGGRESSIVE;
				GCC_WARN_UNUSED_FUNCTION = YES;
				GCC_WARN_UNUSED_VARIABLE = YES;
				IPHONEOS_DEPLOYMENT_TARGET = 15.5;
				MTL_ENABLE_DEBUG_INFO = NO;
				MTL_FAST_MATH = YES;
				SDKROOT = iphoneos;
				SWIFT_COMPILATION_MODE = wholemodule;
				SWIFT_OPTIMIZATION_LEVEL = "-O";
				VALIDATE_PRODUCT = YES;
			};
			name = Release;
		};
		CFD41C622890DD7F00783E7D /* Debug */ = {
			isa = XCBuildConfiguration;
			buildSettings = {
				ASSETCATALOG_COMPILER_APPICON_NAME = AppIcon;
				ASSETCATALOG_COMPILER_GLOBAL_ACCENT_COLOR_NAME = AccentColor;
				CODE_SIGN_STYLE = Automatic;
				CURRENT_PROJECT_VERSION = 1;
				DEVELOPMENT_TEAM = V39QSCSL6T;
				GENERATE_INFOPLIST_FILE = YES;
				INFOPLIST_FILE = NetWorkBasicLec/Info.plist;
				INFOPLIST_KEY_UIApplicationSupportsIndirectInputEvents = YES;
				INFOPLIST_KEY_UILaunchStoryboardName = LaunchScreen;
				INFOPLIST_KEY_UIMainStoryboardFile = Main;
				INFOPLIST_KEY_UISupportedInterfaceOrientations_iPad = "UIInterfaceOrientationPortrait UIInterfaceOrientationPortraitUpsideDown UIInterfaceOrientationLandscapeLeft UIInterfaceOrientationLandscapeRight";
				INFOPLIST_KEY_UISupportedInterfaceOrientations_iPhone = "UIInterfaceOrientationPortrait UIInterfaceOrientationLandscapeLeft UIInterfaceOrientationLandscapeRight";
				LD_RUNPATH_SEARCH_PATHS = (
					"$(inherited)",
					"@executable_path/Frameworks",
				);
				MARKETING_VERSION = 1.0;
				PRODUCT_BUNDLE_IDENTIFIER = com.sesac.lec.NetWorkBasicLec;
				PRODUCT_NAME = "$(TARGET_NAME)";
				SWIFT_EMIT_LOC_STRINGS = YES;
				SWIFT_VERSION = 5.0;
				TARGETED_DEVICE_FAMILY = "1,2";
			};
			name = Debug;
		};
		CFD41C632890DD7F00783E7D /* Release */ = {
			isa = XCBuildConfiguration;
			buildSettings = {
				ASSETCATALOG_COMPILER_APPICON_NAME = AppIcon;
				ASSETCATALOG_COMPILER_GLOBAL_ACCENT_COLOR_NAME = AccentColor;
				CODE_SIGN_STYLE = Automatic;
				CURRENT_PROJECT_VERSION = 1;
				DEVELOPMENT_TEAM = V39QSCSL6T;
				GENERATE_INFOPLIST_FILE = YES;
				INFOPLIST_FILE = NetWorkBasicLec/Info.plist;
				INFOPLIST_KEY_UIApplicationSupportsIndirectInputEvents = YES;
				INFOPLIST_KEY_UILaunchStoryboardName = LaunchScreen;
				INFOPLIST_KEY_UIMainStoryboardFile = Main;
				INFOPLIST_KEY_UISupportedInterfaceOrientations_iPad = "UIInterfaceOrientationPortrait UIInterfaceOrientationPortraitUpsideDown UIInterfaceOrientationLandscapeLeft UIInterfaceOrientationLandscapeRight";
				INFOPLIST_KEY_UISupportedInterfaceOrientations_iPhone = "UIInterfaceOrientationPortrait UIInterfaceOrientationLandscapeLeft UIInterfaceOrientationLandscapeRight";
				LD_RUNPATH_SEARCH_PATHS = (
					"$(inherited)",
					"@executable_path/Frameworks",
				);
				MARKETING_VERSION = 1.0;
				PRODUCT_BUNDLE_IDENTIFIER = com.sesac.lec.NetWorkBasicLec;
				PRODUCT_NAME = "$(TARGET_NAME)";
				SWIFT_EMIT_LOC_STRINGS = YES;
				SWIFT_VERSION = 5.0;
				TARGETED_DEVICE_FAMILY = "1,2";
			};
			name = Release;
		};
/* End XCBuildConfiguration section */

/* Begin XCConfigurationList section */
		CFD41C482890DD7D00783E7D /* Build configuration list for PBXProject "NetWorkBasicLec" */ = {
			isa = XCConfigurationList;
			buildConfigurations = (
				CFD41C5F2890DD7F00783E7D /* Debug */,
				CFD41C602890DD7F00783E7D /* Release */,
			);
			defaultConfigurationIsVisible = 0;
			defaultConfigurationName = Release;
		};
		CFD41C612890DD7F00783E7D /* Build configuration list for PBXNativeTarget "NetWorkBasicLec" */ = {
			isa = XCConfigurationList;
			buildConfigurations = (
				CFD41C622890DD7F00783E7D /* Debug */,
				CFD41C632890DD7F00783E7D /* Release */,
			);
			defaultConfigurationIsVisible = 0;
			defaultConfigurationName = Release;
		};
/* End XCConfigurationList section */

/* Begin XCRemoteSwiftPackageReference section */
		CF4239EE289B50850065CD5E /* XCRemoteSwiftPackageReference "JGProgressHUD" */ = {
			isa = XCRemoteSwiftPackageReference;
			repositoryURL = "https://github.com/JonasGessner/JGProgressHUD.git";
			requirement = {
				kind = upToNextMajorVersion;
				minimumVersion = 2.0.0;
			};
		};
		CF5AA81128977CE100AE9008 /* XCRemoteSwiftPackageReference "Alamofire" */ = {
			isa = XCRemoteSwiftPackageReference;
			repositoryURL = "https://github.com/Alamofire/Alamofire.git";
			requirement = {
				kind = upToNextMajorVersion;
				minimumVersion = 5.0.0;
			};
		};
		CF5AA81428977D0B00AE9008 /* XCRemoteSwiftPackageReference "SwiftyJSON" */ = {
			isa = XCRemoteSwiftPackageReference;
			repositoryURL = "https://github.com/SwiftyJSON/SwiftyJSON.git";
			requirement = {
				kind = upToNextMajorVersion;
				minimumVersion = 5.0.0;
			};
		};
		CF5AA8192897DD4200AE9008 /* XCRemoteSwiftPackageReference "Kingfisher" */ = {
			isa = XCRemoteSwiftPackageReference;
			repositoryURL = "https://github.com/onevcat/Kingfisher";
			requirement = {
				kind = upToNextMajorVersion;
				minimumVersion = 7.0.0;
			};
		};
/* End XCRemoteSwiftPackageReference section */

/* Begin XCSwiftPackageProductDependency section */
		CF4239EF289B50850065CD5E /* JGProgressHUD */ = {
			isa = XCSwiftPackageProductDependency;
			package = CF4239EE289B50850065CD5E /* XCRemoteSwiftPackageReference "JGProgressHUD" */;
			productName = JGProgressHUD;
		};
		CF5AA81228977CE100AE9008 /* Alamofire */ = {
			isa = XCSwiftPackageProductDependency;
			package = CF5AA81128977CE100AE9008 /* XCRemoteSwiftPackageReference "Alamofire" */;
			productName = Alamofire;
		};
		CF5AA81528977D0B00AE9008 /* SwiftyJSON */ = {
			isa = XCSwiftPackageProductDependency;
			package = CF5AA81428977D0B00AE9008 /* XCRemoteSwiftPackageReference "SwiftyJSON" */;
			productName = SwiftyJSON;
		};
		CF5AA81A2897DD4200AE9008 /* Kingfisher */ = {
			isa = XCSwiftPackageProductDependency;
			package = CF5AA8192897DD4200AE9008 /* XCRemoteSwiftPackageReference "Kingfisher" */;
			productName = Kingfisher;
		};
/* End XCSwiftPackageProductDependency section */
	};
	rootObject = CFD41C452890DD7D00783E7D /* Project object */;
}
